
Microsoft Visual Studio Solution File, Format Version 11.00
# Visual Studio 2010
Project("{FAE04EC0-301F-11D3-BF4B-00C04F79EFBC}") = "Assembly-CSharp", "Assembly-CSharp.csproj", "{7969146c-e40e-2ad1-124e-10ed66843295}"
EndProject
Project("{FAE04EC0-301F-11D3-BF4B-00C04F79EFBC}") = "Assembly-CSharp-firstpass", "Assembly-CSharp-firstpass.csproj", "{afe3ceaf-8448-467f-7391-e84fc4c910b3}"
EndProject
Project("{FAE04EC0-301F-11D3-BF4B-00C04F79EFBC}") = "Assembly-CSharp-Editor-firstpass", "Assembly-CSharp-Editor-firstpass.csproj", "{64cce0d3-3970-0319-9d38-81ee88f5cfa9}"
EndProject
Project("{FAE04EC0-301F-11D3-BF4B-00C04F79EFBC}") = "Assembly-CSharp-Editor", "Assembly-CSharp-Editor.csproj", "{9f67ece4-6233-2deb-d092-fb1bd61afb63}"
EndProject
Global
	GlobalSection(SolutionConfigurationPlatforms) = preSolution
		Debug|Any CPU = Debug|Any CPU
	EndGlobalSection
	GlobalSection(ProjectConfigurationPlatforms) = postSolution
		{7969146c-e40e-2ad1-124e-10ed66843295}.Debug|Any CPU.ActiveCfg = Debug|Any CPU
		{7969146c-e40e-2ad1-124e-10ed66843295}.Debug|Any CPU.Build.0 = Debug|Any CPU
		{afe3ceaf-8448-467f-7391-e84fc4c910b3}.Debug|Any CPU.ActiveCfg = Debug|Any CPU
		{afe3ceaf-8448-467f-7391-e84fc4c910b3}.Debug|Any CPU.Build.0 = Debug|Any CPU
		{64cce0d3-3970-0319-9d38-81ee88f5cfa9}.Debug|Any CPU.ActiveCfg = Debug|Any CPU
		{64cce0d3-3970-0319-9d38-81ee88f5cfa9}.Debug|Any CPU.Build.0 = Debug|Any CPU
		{9f67ece4-6233-2deb-d092-fb1bd61afb63}.Debug|Any CPU.ActiveCfg = Debug|Any CPU
		{9f67ece4-6233-2deb-d092-fb1bd61afb63}.Debug|Any CPU.Build.0 = Debug|Any CPU
	EndGlobalSection
	GlobalSection(SolutionProperties) = preSolution
		HideSolutionNode = FALSE
	EndGlobalSection
EndGlobal
