
Microsoft Visual Studio Solution File, Format Version 12.00
# Visual Studio 15
Project("{FAE04EC0-301F-11D3-BF4B-00C04F79EFBC}") = "UnityEngine.TestRunner", "UnityEngine.TestRunner.csproj", "{452BA491-0F6A-EEB3-2211-5CC9520680B2}"
EndProject
Project("{FAE04EC0-301F-11D3-BF4B-00C04F79EFBC}") = "Microsoft.MixedReality.Toolkit", "Microsoft.MixedReality.Toolkit.csproj", "{27221DF6-0FD5-3E2F-7D8E-616C2E0D2F02}"
EndProject
Project("{FAE04EC0-301F-11D3-BF4B-00C04F79EFBC}") = "Microsoft.MixedReality.Toolkit.SDK", "Microsoft.MixedReality.Toolkit.SDK.csproj", "{A5A204CA-B7C9-DB61-597E-8BAC4F627F4A}"
EndProject
Project("{FAE04EC0-301F-11D3-BF4B-00C04F79EFBC}") = "Unity.XR.ARFoundation", "Unity.XR.ARFoundation.csproj", "{86B74C3E-254C-4C29-7A9C-60B6B6441D4C}"
EndProject
Project("{FAE04EC0-301F-11D3-BF4B-00C04F79EFBC}") = "Unity.InputSystem", "Unity.InputSystem.csproj", "{366B3ED9-9F5A-218E-BE94-BF5B38ED263D}"
EndProject
Project("{FAE04EC0-301F-11D3-BF4B-00C04F79EFBC}") = "Unity.XR.ARSubsystems", "Unity.XR.ARSubsystems.csproj", "{903C82D4-A360-7966-81F9-147B16D32496}"
EndProject
Project("{FAE04EC0-301F-11D3-BF4B-00C04F79EFBC}") = "Microsoft.MixedReality.Toolkit.Services.InputSystem", "Microsoft.MixedReality.Toolkit.Services.InputSystem.csproj", "{D7A8FC0D-2607-94D5-F53D-9D593EA2AC45}"
EndProject
Project("{FAE04EC0-301F-11D3-BF4B-00C04F79EFBC}") = "Microsoft.MixedReality.Toolkit.Async", "Microsoft.MixedReality.Toolkit.Async.csproj", "{CD5B3216-3F2D-9DDE-300B-17C5B37C3E17}"
EndProject
Project("{FAE04EC0-301F-11D3-BF4B-00C04F79EFBC}") = "Microsoft.MixedReality.OpenXR", "Microsoft.MixedReality.OpenXR.csproj", "{C72A6234-889D-8D82-C5CD-B0703038D4DD}"
EndProject
Project("{FAE04EC0-301F-11D3-BF4B-00C04F79EFBC}") = "Microsoft.MixedReality.Toolkit.SDK.Experimental.Interactive", "Microsoft.MixedReality.Toolkit.SDK.Experimental.Interactive.csproj", "{3081940D-CBBC-6759-90BE-996B97039ADF}"
EndProject
Project("{FAE04EC0-301F-11D3-BF4B-00C04F79EFBC}") = "UnityEngine.XR.LegacyInputHelpers", "UnityEngine.XR.LegacyInputHelpers.csproj", "{CDD8AD93-620E-D916-D04C-6421D015CC20}"
EndProject
Project("{FAE04EC0-301F-11D3-BF4B-00C04F79EFBC}") = "Microsoft.MixedReality.Toolkit.Providers.OpenXR", "Microsoft.MixedReality.Toolkit.Providers.OpenXR.csproj", "{2581FC35-CDC0-49AC-59D2-0CFC2ADC539C}"
EndProject
Project("{FAE04EC0-301F-11D3-BF4B-00C04F79EFBC}") = "Microsoft.MixedReality.Toolkit.Providers.LeapMotion", "Microsoft.MixedReality.Toolkit.Providers.LeapMotion.csproj", "{6E609AEC-0C0F-D6ED-6B3C-7265A22DBBDB}"
EndProject
Project("{FAE04EC0-301F-11D3-BF4B-00C04F79EFBC}") = "Assembly-CSharp-firstpass", "Assembly-CSharp-firstpass.csproj", "{AFCEE3AF-4884-7F46-7391-E84FC4C910B3}"
EndProject
Project("{FAE04EC0-301F-11D3-BF4B-00C04F79EFBC}") = "Unity.TextMeshPro", "Unity.TextMeshPro.csproj", "{648A5289-F367-1435-9521-E9B3A623371C}"
EndProject
Project("{FAE04EC0-301F-11D3-BF4B-00C04F79EFBC}") = "Microsoft.MixedReality.Toolkit.Providers.UnityAR", "Microsoft.MixedReality.Toolkit.Providers.UnityAR.csproj", "{03073255-1655-4A09-3151-92A2D50AFE8D}"
EndProject
Project("{FAE04EC0-301F-11D3-BF4B-00C04F79EFBC}") = "Unity.Timeline", "Unity.Timeline.csproj", "{47575D66-C40F-9F09-B8E1-620CA76F6A55}"
EndProject
Project("{FAE04EC0-301F-11D3-BF4B-00C04F79EFBC}") = "Microsoft.MixedReality.Toolkit.Services.CameraSystem", "Microsoft.MixedReality.Toolkit.Services.CameraSystem.csproj", "{163723A7-3BC2-5FBC-9C83-0160B6F16DCC}"
EndProject
Project("{FAE04EC0-301F-11D3-BF4B-00C04F79EFBC}") = "Microsoft.MixedReality.Toolkit.Providers.WindowsSceneUnderstanding", "Microsoft.MixedReality.Toolkit.Providers.WindowsSceneUnderstanding.csproj", "{B9AAD286-3D8D-04B5-B1D5-A509C26E6EB4}"
EndProject
Project("{FAE04EC0-301F-11D3-BF4B-00C04F79EFBC}") = "Microsoft.MixedReality.Toolkit.Providers.WindowsMixedReality.Shared", "Microsoft.MixedReality.Toolkit.Providers.WindowsMixedReality.Shared.csproj", "{933493F4-3D89-83C0-C10B-E70F599BC3D2}"
EndProject
Project("{FAE04EC0-301F-11D3-BF4B-00C04F79EFBC}") = "Microsoft.MixedReality.Toolkit.Services.SceneSystem", "Microsoft.MixedReality.Toolkit.Services.SceneSystem.csproj", "{87112173-EAB8-B38C-B8BF-3BB74A62D1C0}"
EndProject
Project("{FAE04EC0-301F-11D3-BF4B-00C04F79EFBC}") = "Microsoft.MixedReality.Toolkit.Examples", "Microsoft.MixedReality.Toolkit.Examples.csproj", "{3384174E-458A-1A00-0006-EEC58F87679F}"
EndProject
Project("{FAE04EC0-301F-11D3-BF4B-00C04F79EFBC}") = "Microsoft.MixedReality.Toolkit.Gltf", "Microsoft.MixedReality.Toolkit.Gltf.csproj", "{0F52DC59-06A2-BF8D-197F-FC4A4025C07D}"
EndProject
Project("{FAE04EC0-301F-11D3-BF4B-00C04F79EFBC}") = "Unity.XR.OpenXR", "Unity.XR.OpenXR.csproj", "{B9F79EB6-AE56-8F7D-E7FE-81AB0C1DF4AE}"
EndProject
Project("{FAE04EC0-301F-11D3-BF4B-00C04F79EFBC}") = "Assembly-CSharp", "Assembly-CSharp.csproj", "{6C146979-0EE4-D12A-124E-10ED66843295}"
EndProject
Project("{FAE04EC0-301F-11D3-BF4B-00C04F79EFBC}") = "Microsoft.MixedReality.Toolkit.Services.InputSimulation", "Microsoft.MixedReality.Toolkit.Services.InputSimulation.csproj", "{F06D49F6-92F3-D9C8-149E-FEBCDF22274D}"
EndProject
Project("{FAE04EC0-301F-11D3-BF4B-00C04F79EFBC}") = "Microsoft.MixedReality.Toolkit.Providers.XRSDK.WindowsMixedReality", "Microsoft.MixedReality.Toolkit.Providers.XRSDK.WindowsMixedReality.csproj", "{ABC83631-B8DC-0D6F-8D1D-62C055A99692}"
EndProject
Project("{FAE04EC0-301F-11D3-BF4B-00C04F79EFBC}") = "Microsoft.MixedReality.Toolkit.Services.InputAnimation", "Microsoft.MixedReality.Toolkit.Services.InputAnimation.csproj", "{F41A52E5-8CCA-CC65-7110-2CDF183C7AC7}"
EndProject
Project("{FAE04EC0-301F-11D3-BF4B-00C04F79EFBC}") = "Microsoft.MixedReality.Toolkit.Extensions.SceneTransitionService", "Microsoft.MixedReality.Toolkit.Extensions.SceneTransitionService.csproj", "{9492EA84-9B48-D58F-E8E4-25D97F725AED}"
EndProject
Project("{FAE04EC0-301F-11D3-BF4B-00C04F79EFBC}") = "Microsoft.MixedReality.Toolkit.Providers.XRSDK", "Microsoft.MixedReality.Toolkit.Providers.XRSDK.csproj", "{E68709EA-C765-B559-29E2-B4906C7FB803}"
EndProject
Project("{FAE04EC0-301F-11D3-BF4B-00C04F79EFBC}") = "Microsoft.MixedReality.Toolkit.Extensions.Tracking", "Microsoft.MixedReality.Toolkit.Extensions.Tracking.csproj", "{55AD20CB-8204-E73D-8BD8-44905C86AA0E}"
EndProject
Project("{FAE04EC0-301F-11D3-BF4B-00C04F79EFBC}") = "Unity.XR.Management", "Unity.XR.Management.csproj", "{FF5B2B15-8D55-8D2E-229B-7EACD9D40729}"
EndProject
Project("{FAE04EC0-301F-11D3-BF4B-00C04F79EFBC}") = "Microsoft.MixedReality.Toolkit.Extensions.HandPhysics", "Microsoft.MixedReality.Toolkit.Extensions.HandPhysics.csproj", "{90C79DE3-6030-9B43-3837-DFCDCD905CCB}"
EndProject
Project("{FAE04EC0-301F-11D3-BF4B-00C04F79EFBC}") = "Microsoft.MixedReality.Toolkit.Services.DiagnosticsSystem", "Microsoft.MixedReality.Toolkit.Services.DiagnosticsSystem.csproj", "{C343D56D-A94A-C35D-BDBA-D3E8804455DB}"
EndProject
Project("{FAE04EC0-301F-11D3-BF4B-00C04F79EFBC}") = "Microsoft.MixedReality.Toolkit.Services.SpatialAwarenessSystem", "Microsoft.MixedReality.Toolkit.Services.SpatialAwarenessSystem.csproj", "{195DCE15-E25C-E76D-5DD4-94268B98E6EF}"
EndProject
Project("{FAE04EC0-301F-11D3-BF4B-00C04F79EFBC}") = "Unity.XR.OpenXR.Features.RuntimeDebugger", "Unity.XR.OpenXR.Features.RuntimeDebugger.csproj", "{CE1EFBBF-9603-B32B-B8EC-925AEDF2E6F9}"
EndProject
Project("{FAE04EC0-301F-11D3-BF4B-00C04F79EFBC}") = "UnityEngine.SpatialTracking", "UnityEngine.SpatialTracking.csproj", "{05C43374-E327-CA0B-42EE-450808B32786}"
EndProject
Project("{FAE04EC0-301F-11D3-BF4B-00C04F79EFBC}") = "Microsoft.MixedReality.Toolkit.Providers.XRSDK.Oculus", "Microsoft.MixedReality.Toolkit.Providers.XRSDK.Oculus.csproj", "{819FDBEA-B7F5-09A1-5261-F8E5AF38CB20}"
EndProject
Project("{FAE04EC0-301F-11D3-BF4B-00C04F79EFBC}") = "Microsoft.MixedReality.Toolkit.Providers.WindowsVoiceInput", "Microsoft.MixedReality.Toolkit.Providers.WindowsVoiceInput.csproj", "{C9B09D1B-59C4-C930-C515-8F134E056DC2}"
EndProject
Project("{FAE04EC0-301F-11D3-BF4B-00C04F79EFBC}") = "Unity.XR.OpenXR.Features.ConformanceAutomation", "Unity.XR.OpenXR.Features.ConformanceAutomation.csproj", "{61741829-E014-F230-8381-99E2549C7FAD}"
EndProject
Project("{FAE04EC0-301F-11D3-BF4B-00C04F79EFBC}") = "Microsoft.MixedReality.Toolkit.Tools.Runtime", "Microsoft.MixedReality.Toolkit.Tools.Runtime.csproj", "{A86F4F36-1DB0-4F8D-31C6-5A7C6FD63609}"
EndProject
Project("{FAE04EC0-301F-11D3-BF4B-00C04F79EFBC}") = "Unity.XR.OpenXR.Features.MockRuntime", "Unity.XR.OpenXR.Features.MockRuntime.csproj", "{4BBC7649-5D8F-0CF3-EF01-4242036E651F}"
EndProject
Project("{FAE04EC0-301F-11D3-BF4B-00C04F79EFBC}") = "Unity.Subsystem.Registration", "Unity.Subsystem.Registration.csproj", "{B5EA1D20-F4E3-0936-F01E-79B9940BFD2C}"
EndProject
Project("{FAE04EC0-301F-11D3-BF4B-00C04F79EFBC}") = "Microsoft.MixedReality.Toolkit.Services.TeleportSystem", "Microsoft.MixedReality.Toolkit.Services.TeleportSystem.csproj", "{EA17D418-7D95-A21E-9424-15147A8B733D}"
EndProject
Project("{FAE04EC0-301F-11D3-BF4B-00C04F79EFBC}") = "Unity.XR.OpenXR.Features.OculusQuestSupport", "Unity.XR.OpenXR.Features.OculusQuestSupport.csproj", "{DEE3A572-EBE9-2D0B-629B-4D829F4F15EE}"
EndProject
Project("{FAE04EC0-301F-11D3-BF4B-00C04F79EFBC}") = "Unity.PlasticSCM.Editor", "Unity.PlasticSCM.Editor.csproj", "{43A834E0-C0CC-D8A2-975E-7FFDB80B05C7}"
EndProject
Project("{FAE04EC0-301F-11D3-BF4B-00C04F79EFBC}") = "Microsoft.MixedReality.Toolkit.Editor.Inspectors", "Microsoft.MixedReality.Toolkit.Editor.Inspectors.csproj", "{46A9E6F3-933E-B453-CF97-6823781B7263}"
EndProject
Project("{FAE04EC0-301F-11D3-BF4B-00C04F79EFBC}") = "Unity.XR.OpenXR.Editor", "Unity.XR.OpenXR.Editor.csproj", "{00DF6AF3-29A5-995E-6BA2-4105183D4335}"
EndProject
Project("{FAE04EC0-301F-11D3-BF4B-00C04F79EFBC}") = "Unity.VisualStudio.Editor", "Unity.VisualStudio.Editor.csproj", "{FF06F71F-BFDD-6F1D-9C35-4FF327D40181}"
EndProject
Project("{FAE04EC0-301F-11D3-BF4B-00C04F79EFBC}") = "Unity.Timeline.Editor", "Unity.Timeline.Editor.csproj", "{F8FD1AD4-31E6-0393-E0CF-397D7DB8FEE6}"
EndProject
Project("{FAE04EC0-301F-11D3-BF4B-00C04F79EFBC}") = "Unity.TextMeshPro.Editor", "Unity.TextMeshPro.Editor.csproj", "{A05CEB72-E0E4-C6F9-CEE6-8883A97F54B8}"
EndProject
Project("{FAE04EC0-301F-11D3-BF4B-00C04F79EFBC}") = "Unity.CollabProxy.Editor", "Unity.CollabProxy.Editor.csproj", "{FB7D6C41-1682-C5A0-70CA-18B88611394D}"
EndProject
Project("{FAE04EC0-301F-11D3-BF4B-00C04F79EFBC}") = "UnityEditor.TestRunner", "UnityEditor.TestRunner.csproj", "{0EA9C394-E45F-E547-CAB9-16F2ECF979A6}"
EndProject
Project("{FAE04EC0-301F-11D3-BF4B-00C04F79EFBC}") = "Unity.Rider.Editor", "Unity.Rider.Editor.csproj", "{01BE48C3-FB2B-034C-3E29-CCE0E17F0600}"
EndProject
Project("{FAE04EC0-301F-11D3-BF4B-00C04F79EFBC}") = "Unity.Services.Core.Editor", "Unity.Services.Core.Editor.csproj", "{C3DD38FD-721D-9174-CD6A-A74D7241F924}"
EndProject
Project("{FAE04EC0-301F-11D3-BF4B-00C04F79EFBC}") = "Microsoft.MixedReality.OpenXR.Editor", "Microsoft.MixedReality.OpenXR.Editor.csproj", "{18609966-0E80-C532-127D-9E27CD002428}"
EndProject
Project("{FAE04EC0-301F-11D3-BF4B-00C04F79EFBC}") = "FigmaToolkit", "FigmaToolkit.csproj", "{32E06F9D-72C1-AEE0-B5E5-E3E4E5E37C2B}"
EndProject
Project("{FAE04EC0-301F-11D3-BF4B-00C04F79EFBC}") = "Microsoft.MixedReality.Toolkit.Services.InputSystem.Editor", "Microsoft.MixedReality.Toolkit.Services.InputSystem.Editor.csproj", "{9E0A6F8C-1393-8DA9-0774-F5A8B3E54800}"
EndProject
Project("{FAE04EC0-301F-11D3-BF4B-00C04F79EFBC}") = "Microsoft.MixedReality.Toolkit.SDK.Editor", "Microsoft.MixedReality.Toolkit.SDK.Editor.csproj", "{B983CFAD-4EAC-29F2-17B3-8368A8D448E4}"
EndProject
Project("{FAE04EC0-301F-11D3-BF4B-00C04F79EFBC}") = "Microsoft.MixedReality.Toolkit.Editor.Utilities", "Microsoft.MixedReality.Toolkit.Editor.Utilities.csproj", "{0B78EBA2-BE21-32BA-65E4-74223351EC53}"
EndProject
Project("{FAE04EC0-301F-11D3-BF4B-00C04F79EFBC}") = "Microsoft.MixedReality.Toolkit.Gltf.Importers", "Microsoft.MixedReality.Toolkit.Gltf.Importers.csproj", "{045678B5-C8F7-E966-4CB9-CCBF42986EAD}"
EndProject
Project("{FAE04EC0-301F-11D3-BF4B-00C04F79EFBC}") = "Unity.XR.OpenXR.Features.OculusQuestSupport.Editor", "Unity.XR.OpenXR.Features.OculusQuestSupport.Editor.csproj", "{BD22C6B7-DCEE-A141-568B-2D87E3558592}"
EndProject
Project("{FAE04EC0-301F-11D3-BF4B-00C04F79EFBC}") = "Unity.XR.Management.Editor", "Unity.XR.Management.Editor.csproj", "{6915D431-EB0F-6A6A-EC7B-8C4CFD6E12A9}"
EndProject
Project("{FAE04EC0-301F-11D3-BF4B-00C04F79EFBC}") = "Unity.VSCode.Editor", "Unity.VSCode.Editor.csproj", "{3D154276-9FF8-89BB-C31E-0EB2BEFDCCA8}"
EndProject
Project("{FAE04EC0-301F-11D3-BF4B-00C04F79EFBC}") = "Microsoft.MixedReality.Toolkit.MSBuild", "Microsoft.MixedReality.Toolkit.MSBuild.csproj", "{DAD5A106-613E-7965-EE00-9F3BB27655DD}"
EndProject
Project("{FAE04EC0-301F-11D3-BF4B-00C04F79EFBC}") = "UnityEditor.SpatialTracking", "UnityEditor.SpatialTracking.csproj", "{AAE022D7-4DFB-7625-F074-2ED2D024EE17}"
EndProject
Project("{FAE04EC0-301F-11D3-BF4B-00C04F79EFBC}") = "Microsoft.MixedReality.Toolkit.Editor.BuildAndDeploy", "Microsoft.MixedReality.Toolkit.Editor.BuildAndDeploy.csproj", "{EF591138-65CC-4F09-5772-0EF57F860BC3}"
EndProject
Project("{FAE04EC0-301F-11D3-BF4B-00C04F79EFBC}") = "Microsoft.MixedReality.Toolkit.Providers.ObjectMeshObserver", "Microsoft.MixedReality.Toolkit.Providers.ObjectMeshObserver.csproj", "{75901A3A-E3A8-5F63-46EB-EBD411F6F5B3}"
EndProject
Project("{FAE04EC0-301F-11D3-BF4B-00C04F79EFBC}") = "Microsoft.MixedReality.Toolkit.Tools", "Microsoft.MixedReality.Toolkit.Tools.csproj", "{4B73A374-E0A6-E883-CD15-830891410F00}"
EndProject
Project("{FAE04EC0-301F-11D3-BF4B-00C04F79EFBC}") = "Unity.XR.ARFoundation.Editor", "Unity.XR.ARFoundation.Editor.csproj", "{2D396F86-84A8-DE1E-18E1-7807B104F3DC}"
EndProject
Project("{FAE04EC0-301F-11D3-BF4B-00C04F79EFBC}") = "UnityEditor.XR.LegacyInputHelpers", "UnityEditor.XR.LegacyInputHelpers.csproj", "{A959C878-02D8-73DD-1923-F7562DD91608}"
EndProject
Project("{FAE04EC0-301F-11D3-BF4B-00C04F79EFBC}") = "Microsoft.MixedReality.Toolkit.Editor.ServiceInspectors", "Microsoft.MixedReality.Toolkit.Editor.ServiceInspectors.csproj", "{B31402D5-2FF5-7B78-3238-2D264805896B}"
EndProject
Project("{FAE04EC0-301F-11D3-BF4B-00C04F79EFBC}") = "Microsoft.MixedReality.Toolkit.Providers.WindowsMixedReality.Editor", "Microsoft.MixedReality.Toolkit.Providers.WindowsMixedReality.Editor.csproj", "{DFE0F117-11B6-5ED5-B8E3-CA7107FC20FE}"
EndProject
Project("{FAE04EC0-301F-11D3-BF4B-00C04F79EFBC}") = "Unity.XR.ARSubsystems.Editor", "Unity.XR.ARSubsystems.Editor.csproj", "{791DA98B-FA61-5459-54B3-A36DB753B9A5}"
EndProject
Project("{FAE04EC0-301F-11D3-BF4B-00C04F79EFBC}") = "Unity.XR.OpenXR.Features.RuntimeDebugger.Editor", "Unity.XR.OpenXR.Features.RuntimeDebugger.Editor.csproj", "{2188217C-CECB-B742-84F9-AD43A7C8128E}"
EndProject
Project("{FAE04EC0-301F-11D3-BF4B-00C04F79EFBC}") = "Microsoft.MixedReality.Toolkit.Providers.WindowsSceneUnderstanding.Editor", "Microsoft.MixedReality.Toolkit.Providers.WindowsSceneUnderstanding.Editor.csproj", "{4A772794-1B29-AA8C-E809-C96D9886BBC9}"
EndProject
Project("{FAE04EC0-301F-11D3-BF4B-00C04F79EFBC}") = "Microsoft.MixedReality.Toolkit.StandardAssets.Editor", "Microsoft.MixedReality.Toolkit.StandardAssets.Editor.csproj", "{2AE3D97B-AAE4-A1C8-4409-90E571A42BEA}"
EndProject
Project("{FAE04EC0-301F-11D3-BF4B-00C04F79EFBC}") = "Microsoft.MixedReality.Toolkit.Services.InputSimulation.Editor", "Microsoft.MixedReality.Toolkit.Services.InputSimulation.Editor.csproj", "{B3474F84-4008-0F5E-4BD1-0D3904DCA82A}"
EndProject
Project("{FAE04EC0-301F-11D3-BF4B-00C04F79EFBC}") = "Microsoft.MixedReality.Toolkit.Providers.LeapMotion.Editor", "Microsoft.MixedReality.Toolkit.Providers.LeapMotion.Editor.csproj", "{93275B18-FF03-3726-D21C-E56CA34D60CE}"
EndProject
Project("{FAE04EC0-301F-11D3-BF4B-00C04F79EFBC}") = "Microsoft.MixedReality.Toolkit.SDK.Experimental.Editor.Interactive", "Microsoft.MixedReality.Toolkit.SDK.Experimental.Editor.Interactive.csproj", "{999EB7DE-5D83-3463-7192-B51374B09666}"
EndProject
Project("{FAE04EC0-301F-11D3-BF4B-00C04F79EFBC}") = "Microsoft.MixedReality.Toolkit.Providers.XRSDK.Oculus.Handtracking.Editor", "Microsoft.MixedReality.Toolkit.Providers.XRSDK.Oculus.Handtracking.Editor.csproj", "{1E6CC870-5091-6912-3B4E-B368062CCFC7}"
EndProject
Project("{FAE04EC0-301F-11D3-BF4B-00C04F79EFBC}") = "Microsoft.MixedReality.Toolkit.Editor.ClassExtensions", "Microsoft.MixedReality.Toolkit.Editor.ClassExtensions.csproj", "{1FC5395B-44B1-664F-800A-93FF1C5BA5BD}"
EndProject
Project("{FAE04EC0-301F-11D3-BF4B-00C04F79EFBC}") = "Microsoft.MixedReality.Toolkit.Providers.UnityAR.Editor", "Microsoft.MixedReality.Toolkit.Providers.UnityAR.Editor.csproj", "{694D42E0-98F4-4AB5-7031-F74427184E16}"
EndProject
Project("{FAE04EC0-301F-11D3-BF4B-00C04F79EFBC}") = "Microsoft.MixedReality.Toolkit.Providers.OpenXR.Editor", "Microsoft.MixedReality.Toolkit.Providers.OpenXR.Editor.csproj", "{2C386D15-E5DB-4EC2-7DED-509371C18AB3}"
EndProject
Project("{FAE04EC0-301F-11D3-BF4B-00C04F79EFBC}") = "Assembly-CSharp-Editor-firstpass", "Assembly-CSharp-Editor-firstpass.csproj", "{D3E0CC64-7039-1903-9D38-81EE88F5CFA9}"
EndProject
Project("{FAE04EC0-301F-11D3-BF4B-00C04F79EFBC}") = "Microsoft.MixedReality.Toolkit.Extensions.Tracking.Editor", "Microsoft.MixedReality.Toolkit.Extensions.Tracking.Editor.csproj", "{8DF60C0E-B4F9-F883-8E85-B0B296A75EE0}"
EndProject
Project("{FAE04EC0-301F-11D3-BF4B-00C04F79EFBC}") = "Unity.InternalAPIEditorBridge.005", "Unity.InternalAPIEditorBridge.005.csproj", "{E777C232-8416-F1A5-346C-235B3373C36E}"
EndProject
Project("{FAE04EC0-301F-11D3-BF4B-00C04F79EFBC}") = "Microsoft.MixedReality.Toolkit.SDK.Experimental.Editor", "Microsoft.MixedReality.Toolkit.SDK.Experimental.Editor.csproj", "{DFEA30C7-CB9C-E91C-9385-E97E52C9B76C}"
EndProject
Project("{FAE04EC0-301F-11D3-BF4B-00C04F79EFBC}") = "Assembly-CSharp-Editor", "Assembly-CSharp-Editor.csproj", "{E4EC679F-3362-EB2D-D092-FB1BD61AFB63}"
EndProject
Global
	GlobalSection(SolutionConfigurationPlatforms) = preSolution
		Debug|Any CPU = Debug|Any CPU
	EndGlobalSection
	GlobalSection(ProjectConfigurationPlatforms) = postSolution
		{452BA491-0F6A-EEB3-2211-5CC9520680B2}.Debug|Any CPU.ActiveCfg = Debug|Any CPU
		{452BA491-0F6A-EEB3-2211-5CC9520680B2}.Debug|Any CPU.Build.0 = Debug|Any CPU
		{452BA491-0F6A-EEB3-2211-5CC9520680B2}.Release|Any CPU.ActiveCfg = Release|Any CPU
		{452BA491-0F6A-EEB3-2211-5CC9520680B2}.Release|Any CPU.Build.0 = Release|Any CPU
		{27221DF6-0FD5-3E2F-7D8E-616C2E0D2F02}.Debug|Any CPU.ActiveCfg = Debug|Any CPU
		{27221DF6-0FD5-3E2F-7D8E-616C2E0D2F02}.Debug|Any CPU.Build.0 = Debug|Any CPU
		{27221DF6-0FD5-3E2F-7D8E-616C2E0D2F02}.Release|Any CPU.ActiveCfg = Release|Any CPU
		{27221DF6-0FD5-3E2F-7D8E-616C2E0D2F02}.Release|Any CPU.Build.0 = Release|Any CPU
		{A5A204CA-B7C9-DB61-597E-8BAC4F627F4A}.Debug|Any CPU.ActiveCfg = Debug|Any CPU
		{A5A204CA-B7C9-DB61-597E-8BAC4F627F4A}.Debug|Any CPU.Build.0 = Debug|Any CPU
		{A5A204CA-B7C9-DB61-597E-8BAC4F627F4A}.Release|Any CPU.ActiveCfg = Release|Any CPU
		{A5A204CA-B7C9-DB61-597E-8BAC4F627F4A}.Release|Any CPU.Build.0 = Release|Any CPU
		{86B74C3E-254C-4C29-7A9C-60B6B6441D4C}.Debug|Any CPU.ActiveCfg = Debug|Any CPU
		{86B74C3E-254C-4C29-7A9C-60B6B6441D4C}.Debug|Any CPU.Build.0 = Debug|Any CPU
		{86B74C3E-254C-4C29-7A9C-60B6B6441D4C}.Release|Any CPU.ActiveCfg = Release|Any CPU
		{86B74C3E-254C-4C29-7A9C-60B6B6441D4C}.Release|Any CPU.Build.0 = Release|Any CPU
		{366B3ED9-9F5A-218E-BE94-BF5B38ED263D}.Debug|Any CPU.ActiveCfg = Debug|Any CPU
		{366B3ED9-9F5A-218E-BE94-BF5B38ED263D}.Debug|Any CPU.Build.0 = Debug|Any CPU
		{366B3ED9-9F5A-218E-BE94-BF5B38ED263D}.Release|Any CPU.ActiveCfg = Release|Any CPU
		{366B3ED9-9F5A-218E-BE94-BF5B38ED263D}.Release|Any CPU.Build.0 = Release|Any CPU
		{903C82D4-A360-7966-81F9-147B16D32496}.Debug|Any CPU.ActiveCfg = Debug|Any CPU
		{903C82D4-A360-7966-81F9-147B16D32496}.Debug|Any CPU.Build.0 = Debug|Any CPU
		{903C82D4-A360-7966-81F9-147B16D32496}.Release|Any CPU.ActiveCfg = Release|Any CPU
		{903C82D4-A360-7966-81F9-147B16D32496}.Release|Any CPU.Build.0 = Release|Any CPU
		{D7A8FC0D-2607-94D5-F53D-9D593EA2AC45}.Debug|Any CPU.ActiveCfg = Debug|Any CPU
		{D7A8FC0D-2607-94D5-F53D-9D593EA2AC45}.Debug|Any CPU.Build.0 = Debug|Any CPU
		{D7A8FC0D-2607-94D5-F53D-9D593EA2AC45}.Release|Any CPU.ActiveCfg = Release|Any CPU
		{D7A8FC0D-2607-94D5-F53D-9D593EA2AC45}.Release|Any CPU.Build.0 = Release|Any CPU
		{CD5B3216-3F2D-9DDE-300B-17C5B37C3E17}.Debug|Any CPU.ActiveCfg = Debug|Any CPU
		{CD5B3216-3F2D-9DDE-300B-17C5B37C3E17}.Debug|Any CPU.Build.0 = Debug|Any CPU
		{CD5B3216-3F2D-9DDE-300B-17C5B37C3E17}.Release|Any CPU.ActiveCfg = Release|Any CPU
		{CD5B3216-3F2D-9DDE-300B-17C5B37C3E17}.Release|Any CPU.Build.0 = Release|Any CPU
		{C72A6234-889D-8D82-C5CD-B0703038D4DD}.Debug|Any CPU.ActiveCfg = Debug|Any CPU
		{C72A6234-889D-8D82-C5CD-B0703038D4DD}.Debug|Any CPU.Build.0 = Debug|Any CPU
		{C72A6234-889D-8D82-C5CD-B0703038D4DD}.Release|Any CPU.ActiveCfg = Release|Any CPU
		{C72A6234-889D-8D82-C5CD-B0703038D4DD}.Release|Any CPU.Build.0 = Release|Any CPU
		{3081940D-CBBC-6759-90BE-996B97039ADF}.Debug|Any CPU.ActiveCfg = Debug|Any CPU
		{3081940D-CBBC-6759-90BE-996B97039ADF}.Debug|Any CPU.Build.0 = Debug|Any CPU
		{3081940D-CBBC-6759-90BE-996B97039ADF}.Release|Any CPU.ActiveCfg = Release|Any CPU
		{3081940D-CBBC-6759-90BE-996B97039ADF}.Release|Any CPU.Build.0 = Release|Any CPU
		{CDD8AD93-620E-D916-D04C-6421D015CC20}.Debug|Any CPU.ActiveCfg = Debug|Any CPU
		{CDD8AD93-620E-D916-D04C-6421D015CC20}.Debug|Any CPU.Build.0 = Debug|Any CPU
		{CDD8AD93-620E-D916-D04C-6421D015CC20}.Release|Any CPU.ActiveCfg = Release|Any CPU
		{CDD8AD93-620E-D916-D04C-6421D015CC20}.Release|Any CPU.Build.0 = Release|Any CPU
		{2581FC35-CDC0-49AC-59D2-0CFC2ADC539C}.Debug|Any CPU.ActiveCfg = Debug|Any CPU
		{2581FC35-CDC0-49AC-59D2-0CFC2ADC539C}.Debug|Any CPU.Build.0 = Debug|Any CPU
		{2581FC35-CDC0-49AC-59D2-0CFC2ADC539C}.Release|Any CPU.ActiveCfg = Release|Any CPU
		{2581FC35-CDC0-49AC-59D2-0CFC2ADC539C}.Release|Any CPU.Build.0 = Release|Any CPU
		{6E609AEC-0C0F-D6ED-6B3C-7265A22DBBDB}.Debug|Any CPU.ActiveCfg = Debug|Any CPU
		{6E609AEC-0C0F-D6ED-6B3C-7265A22DBBDB}.Debug|Any CPU.Build.0 = Debug|Any CPU
		{6E609AEC-0C0F-D6ED-6B3C-7265A22DBBDB}.Release|Any CPU.ActiveCfg = Release|Any CPU
		{6E609AEC-0C0F-D6ED-6B3C-7265A22DBBDB}.Release|Any CPU.Build.0 = Release|Any CPU
		{AFCEE3AF-4884-7F46-7391-E84FC4C910B3}.Debug|Any CPU.ActiveCfg = Debug|Any CPU
		{AFCEE3AF-4884-7F46-7391-E84FC4C910B3}.Debug|Any CPU.Build.0 = Debug|Any CPU
		{AFCEE3AF-4884-7F46-7391-E84FC4C910B3}.Release|Any CPU.ActiveCfg = Release|Any CPU
		{AFCEE3AF-4884-7F46-7391-E84FC4C910B3}.Release|Any CPU.Build.0 = Release|Any CPU
		{648A5289-F367-1435-9521-E9B3A623371C}.Debug|Any CPU.ActiveCfg = Debug|Any CPU
		{648A5289-F367-1435-9521-E9B3A623371C}.Debug|Any CPU.Build.0 = Debug|Any CPU
		{648A5289-F367-1435-9521-E9B3A623371C}.Release|Any CPU.ActiveCfg = Release|Any CPU
		{648A5289-F367-1435-9521-E9B3A623371C}.Release|Any CPU.Build.0 = Release|Any CPU
		{03073255-1655-4A09-3151-92A2D50AFE8D}.Debug|Any CPU.ActiveCfg = Debug|Any CPU
		{03073255-1655-4A09-3151-92A2D50AFE8D}.Debug|Any CPU.Build.0 = Debug|Any CPU
		{03073255-1655-4A09-3151-92A2D50AFE8D}.Release|Any CPU.ActiveCfg = Release|Any CPU
		{03073255-1655-4A09-3151-92A2D50AFE8D}.Release|Any CPU.Build.0 = Release|Any CPU
		{47575D66-C40F-9F09-B8E1-620CA76F6A55}.Debug|Any CPU.ActiveCfg = Debug|Any CPU
		{47575D66-C40F-9F09-B8E1-620CA76F6A55}.Debug|Any CPU.Build.0 = Debug|Any CPU
		{47575D66-C40F-9F09-B8E1-620CA76F6A55}.Release|Any CPU.ActiveCfg = Release|Any CPU
		{47575D66-C40F-9F09-B8E1-620CA76F6A55}.Release|Any CPU.Build.0 = Release|Any CPU
		{163723A7-3BC2-5FBC-9C83-0160B6F16DCC}.Debug|Any CPU.ActiveCfg = Debug|Any CPU
		{163723A7-3BC2-5FBC-9C83-0160B6F16DCC}.Debug|Any CPU.Build.0 = Debug|Any CPU
		{163723A7-3BC2-5FBC-9C83-0160B6F16DCC}.Release|Any CPU.ActiveCfg = Release|Any CPU
		{163723A7-3BC2-5FBC-9C83-0160B6F16DCC}.Release|Any CPU.Build.0 = Release|Any CPU
		{B9AAD286-3D8D-04B5-B1D5-A509C26E6EB4}.Debug|Any CPU.ActiveCfg = Debug|Any CPU
		{B9AAD286-3D8D-04B5-B1D5-A509C26E6EB4}.Debug|Any CPU.Build.0 = Debug|Any CPU
		{B9AAD286-3D8D-04B5-B1D5-A509C26E6EB4}.Release|Any CPU.ActiveCfg = Release|Any CPU
		{B9AAD286-3D8D-04B5-B1D5-A509C26E6EB4}.Release|Any CPU.Build.0 = Release|Any CPU
		{933493F4-3D89-83C0-C10B-E70F599BC3D2}.Debug|Any CPU.ActiveCfg = Debug|Any CPU
		{933493F4-3D89-83C0-C10B-E70F599BC3D2}.Debug|Any CPU.Build.0 = Debug|Any CPU
		{933493F4-3D89-83C0-C10B-E70F599BC3D2}.Release|Any CPU.ActiveCfg = Release|Any CPU
		{933493F4-3D89-83C0-C10B-E70F599BC3D2}.Release|Any CPU.Build.0 = Release|Any CPU
		{87112173-EAB8-B38C-B8BF-3BB74A62D1C0}.Debug|Any CPU.ActiveCfg = Debug|Any CPU
		{87112173-EAB8-B38C-B8BF-3BB74A62D1C0}.Debug|Any CPU.Build.0 = Debug|Any CPU
		{87112173-EAB8-B38C-B8BF-3BB74A62D1C0}.Release|Any CPU.ActiveCfg = Release|Any CPU
		{87112173-EAB8-B38C-B8BF-3BB74A62D1C0}.Release|Any CPU.Build.0 = Release|Any CPU
		{3384174E-458A-1A00-0006-EEC58F87679F}.Debug|Any CPU.ActiveCfg = Debug|Any CPU
		{3384174E-458A-1A00-0006-EEC58F87679F}.Debug|Any CPU.Build.0 = Debug|Any CPU
		{3384174E-458A-1A00-0006-EEC58F87679F}.Release|Any CPU.ActiveCfg = Release|Any CPU
		{3384174E-458A-1A00-0006-EEC58F87679F}.Release|Any CPU.Build.0 = Release|Any CPU
		{0F52DC59-06A2-BF8D-197F-FC4A4025C07D}.Debug|Any CPU.ActiveCfg = Debug|Any CPU
		{0F52DC59-06A2-BF8D-197F-FC4A4025C07D}.Debug|Any CPU.Build.0 = Debug|Any CPU
		{0F52DC59-06A2-BF8D-197F-FC4A4025C07D}.Release|Any CPU.ActiveCfg = Release|Any CPU
		{0F52DC59-06A2-BF8D-197F-FC4A4025C07D}.Release|Any CPU.Build.0 = Release|Any CPU
		{B9F79EB6-AE56-8F7D-E7FE-81AB0C1DF4AE}.Debug|Any CPU.ActiveCfg = Debug|Any CPU
		{B9F79EB6-AE56-8F7D-E7FE-81AB0C1DF4AE}.Debug|Any CPU.Build.0 = Debug|Any CPU
		{B9F79EB6-AE56-8F7D-E7FE-81AB0C1DF4AE}.Release|Any CPU.ActiveCfg = Release|Any CPU
		{B9F79EB6-AE56-8F7D-E7FE-81AB0C1DF4AE}.Release|Any CPU.Build.0 = Release|Any CPU
		{6C146979-0EE4-D12A-124E-10ED66843295}.Debug|Any CPU.ActiveCfg = Debug|Any CPU
		{6C146979-0EE4-D12A-124E-10ED66843295}.Debug|Any CPU.Build.0 = Debug|Any CPU
		{6C146979-0EE4-D12A-124E-10ED66843295}.Release|Any CPU.ActiveCfg = Release|Any CPU
		{6C146979-0EE4-D12A-124E-10ED66843295}.Release|Any CPU.Build.0 = Release|Any CPU
		{F06D49F6-92F3-D9C8-149E-FEBCDF22274D}.Debug|Any CPU.ActiveCfg = Debug|Any CPU
		{F06D49F6-92F3-D9C8-149E-FEBCDF22274D}.Debug|Any CPU.Build.0 = Debug|Any CPU
		{F06D49F6-92F3-D9C8-149E-FEBCDF22274D}.Release|Any CPU.ActiveCfg = Release|Any CPU
		{F06D49F6-92F3-D9C8-149E-FEBCDF22274D}.Release|Any CPU.Build.0 = Release|Any CPU
		{ABC83631-B8DC-0D6F-8D1D-62C055A99692}.Debug|Any CPU.ActiveCfg = Debug|Any CPU
		{ABC83631-B8DC-0D6F-8D1D-62C055A99692}.Debug|Any CPU.Build.0 = Debug|Any CPU
		{ABC83631-B8DC-0D6F-8D1D-62C055A99692}.Release|Any CPU.ActiveCfg = Release|Any CPU
		{ABC83631-B8DC-0D6F-8D1D-62C055A99692}.Release|Any CPU.Build.0 = Release|Any CPU
		{F41A52E5-8CCA-CC65-7110-2CDF183C7AC7}.Debug|Any CPU.ActiveCfg = Debug|Any CPU
		{F41A52E5-8CCA-CC65-7110-2CDF183C7AC7}.Debug|Any CPU.Build.0 = Debug|Any CPU
		{F41A52E5-8CCA-CC65-7110-2CDF183C7AC7}.Release|Any CPU.ActiveCfg = Release|Any CPU
		{F41A52E5-8CCA-CC65-7110-2CDF183C7AC7}.Release|Any CPU.Build.0 = Release|Any CPU
		{9492EA84-9B48-D58F-E8E4-25D97F725AED}.Debug|Any CPU.ActiveCfg = Debug|Any CPU
		{9492EA84-9B48-D58F-E8E4-25D97F725AED}.Debug|Any CPU.Build.0 = Debug|Any CPU
		{9492EA84-9B48-D58F-E8E4-25D97F725AED}.Release|Any CPU.ActiveCfg = Release|Any CPU
		{9492EA84-9B48-D58F-E8E4-25D97F725AED}.Release|Any CPU.Build.0 = Release|Any CPU
		{E68709EA-C765-B559-29E2-B4906C7FB803}.Debug|Any CPU.ActiveCfg = Debug|Any CPU
		{E68709EA-C765-B559-29E2-B4906C7FB803}.Debug|Any CPU.Build.0 = Debug|Any CPU
		{E68709EA-C765-B559-29E2-B4906C7FB803}.Release|Any CPU.ActiveCfg = Release|Any CPU
		{E68709EA-C765-B559-29E2-B4906C7FB803}.Release|Any CPU.Build.0 = Release|Any CPU
		{55AD20CB-8204-E73D-8BD8-44905C86AA0E}.Debug|Any CPU.ActiveCfg = Debug|Any CPU
		{55AD20CB-8204-E73D-8BD8-44905C86AA0E}.Debug|Any CPU.Build.0 = Debug|Any CPU
		{55AD20CB-8204-E73D-8BD8-44905C86AA0E}.Release|Any CPU.ActiveCfg = Release|Any CPU
		{55AD20CB-8204-E73D-8BD8-44905C86AA0E}.Release|Any CPU.Build.0 = Release|Any CPU
		{FF5B2B15-8D55-8D2E-229B-7EACD9D40729}.Debug|Any CPU.ActiveCfg = Debug|Any CPU
		{FF5B2B15-8D55-8D2E-229B-7EACD9D40729}.Debug|Any CPU.Build.0 = Debug|Any CPU
		{FF5B2B15-8D55-8D2E-229B-7EACD9D40729}.Release|Any CPU.ActiveCfg = Release|Any CPU
		{FF5B2B15-8D55-8D2E-229B-7EACD9D40729}.Release|Any CPU.Build.0 = Release|Any CPU
		{90C79DE3-6030-9B43-3837-DFCDCD905CCB}.Debug|Any CPU.ActiveCfg = Debug|Any CPU
		{90C79DE3-6030-9B43-3837-DFCDCD905CCB}.Debug|Any CPU.Build.0 = Debug|Any CPU
		{90C79DE3-6030-9B43-3837-DFCDCD905CCB}.Release|Any CPU.ActiveCfg = Release|Any CPU
		{90C79DE3-6030-9B43-3837-DFCDCD905CCB}.Release|Any CPU.Build.0 = Release|Any CPU
		{C343D56D-A94A-C35D-BDBA-D3E8804455DB}.Debug|Any CPU.ActiveCfg = Debug|Any CPU
		{C343D56D-A94A-C35D-BDBA-D3E8804455DB}.Debug|Any CPU.Build.0 = Debug|Any CPU
		{C343D56D-A94A-C35D-BDBA-D3E8804455DB}.Release|Any CPU.ActiveCfg = Release|Any CPU
		{C343D56D-A94A-C35D-BDBA-D3E8804455DB}.Release|Any CPU.Build.0 = Release|Any CPU
		{195DCE15-E25C-E76D-5DD4-94268B98E6EF}.Debug|Any CPU.ActiveCfg = Debug|Any CPU
		{195DCE15-E25C-E76D-5DD4-94268B98E6EF}.Debug|Any CPU.Build.0 = Debug|Any CPU
		{195DCE15-E25C-E76D-5DD4-94268B98E6EF}.Release|Any CPU.ActiveCfg = Release|Any CPU
		{195DCE15-E25C-E76D-5DD4-94268B98E6EF}.Release|Any CPU.Build.0 = Release|Any CPU
		{CE1EFBBF-9603-B32B-B8EC-925AEDF2E6F9}.Debug|Any CPU.ActiveCfg = Debug|Any CPU
		{CE1EFBBF-9603-B32B-B8EC-925AEDF2E6F9}.Debug|Any CPU.Build.0 = Debug|Any CPU
		{CE1EFBBF-9603-B32B-B8EC-925AEDF2E6F9}.Release|Any CPU.ActiveCfg = Release|Any CPU
		{CE1EFBBF-9603-B32B-B8EC-925AEDF2E6F9}.Release|Any CPU.Build.0 = Release|Any CPU
		{05C43374-E327-CA0B-42EE-450808B32786}.Debug|Any CPU.ActiveCfg = Debug|Any CPU
		{05C43374-E327-CA0B-42EE-450808B32786}.Debug|Any CPU.Build.0 = Debug|Any CPU
		{05C43374-E327-CA0B-42EE-450808B32786}.Release|Any CPU.ActiveCfg = Release|Any CPU
		{05C43374-E327-CA0B-42EE-450808B32786}.Release|Any CPU.Build.0 = Release|Any CPU
		{819FDBEA-B7F5-09A1-5261-F8E5AF38CB20}.Debug|Any CPU.ActiveCfg = Debug|Any CPU
		{819FDBEA-B7F5-09A1-5261-F8E5AF38CB20}.Debug|Any CPU.Build.0 = Debug|Any CPU
		{819FDBEA-B7F5-09A1-5261-F8E5AF38CB20}.Release|Any CPU.ActiveCfg = Release|Any CPU
		{819FDBEA-B7F5-09A1-5261-F8E5AF38CB20}.Release|Any CPU.Build.0 = Release|Any CPU
		{C9B09D1B-59C4-C930-C515-8F134E056DC2}.Debug|Any CPU.ActiveCfg = Debug|Any CPU
		{C9B09D1B-59C4-C930-C515-8F134E056DC2}.Debug|Any CPU.Build.0 = Debug|Any CPU
		{C9B09D1B-59C4-C930-C515-8F134E056DC2}.Release|Any CPU.ActiveCfg = Release|Any CPU
		{C9B09D1B-59C4-C930-C515-8F134E056DC2}.Release|Any CPU.Build.0 = Release|Any CPU
		{61741829-E014-F230-8381-99E2549C7FAD}.Debug|Any CPU.ActiveCfg = Debug|Any CPU
		{61741829-E014-F230-8381-99E2549C7FAD}.Debug|Any CPU.Build.0 = Debug|Any CPU
		{61741829-E014-F230-8381-99E2549C7FAD}.Release|Any CPU.ActiveCfg = Release|Any CPU
		{61741829-E014-F230-8381-99E2549C7FAD}.Release|Any CPU.Build.0 = Release|Any CPU
		{A86F4F36-1DB0-4F8D-31C6-5A7C6FD63609}.Debug|Any CPU.ActiveCfg = Debug|Any CPU
		{A86F4F36-1DB0-4F8D-31C6-5A7C6FD63609}.Debug|Any CPU.Build.0 = Debug|Any CPU
		{A86F4F36-1DB0-4F8D-31C6-5A7C6FD63609}.Release|Any CPU.ActiveCfg = Release|Any CPU
		{A86F4F36-1DB0-4F8D-31C6-5A7C6FD63609}.Release|Any CPU.Build.0 = Release|Any CPU
		{4BBC7649-5D8F-0CF3-EF01-4242036E651F}.Debug|Any CPU.ActiveCfg = Debug|Any CPU
		{4BBC7649-5D8F-0CF3-EF01-4242036E651F}.Debug|Any CPU.Build.0 = Debug|Any CPU
		{4BBC7649-5D8F-0CF3-EF01-4242036E651F}.Release|Any CPU.ActiveCfg = Release|Any CPU
		{4BBC7649-5D8F-0CF3-EF01-4242036E651F}.Release|Any CPU.Build.0 = Release|Any CPU
		{B5EA1D20-F4E3-0936-F01E-79B9940BFD2C}.Debug|Any CPU.ActiveCfg = Debug|Any CPU
		{B5EA1D20-F4E3-0936-F01E-79B9940BFD2C}.Debug|Any CPU.Build.0 = Debug|Any CPU
		{B5EA1D20-F4E3-0936-F01E-79B9940BFD2C}.Release|Any CPU.ActiveCfg = Release|Any CPU
		{B5EA1D20-F4E3-0936-F01E-79B9940BFD2C}.Release|Any CPU.Build.0 = Release|Any CPU
		{EA17D418-7D95-A21E-9424-15147A8B733D}.Debug|Any CPU.ActiveCfg = Debug|Any CPU
		{EA17D418-7D95-A21E-9424-15147A8B733D}.Debug|Any CPU.Build.0 = Debug|Any CPU
		{EA17D418-7D95-A21E-9424-15147A8B733D}.Release|Any CPU.ActiveCfg = Release|Any CPU
		{EA17D418-7D95-A21E-9424-15147A8B733D}.Release|Any CPU.Build.0 = Release|Any CPU
		{DEE3A572-EBE9-2D0B-629B-4D829F4F15EE}.Debug|Any CPU.ActiveCfg = Debug|Any CPU
		{DEE3A572-EBE9-2D0B-629B-4D829F4F15EE}.Debug|Any CPU.Build.0 = Debug|Any CPU
		{DEE3A572-EBE9-2D0B-629B-4D829F4F15EE}.Release|Any CPU.ActiveCfg = Release|Any CPU
		{DEE3A572-EBE9-2D0B-629B-4D829F4F15EE}.Release|Any CPU.Build.0 = Release|Any CPU
		{43A834E0-C0CC-D8A2-975E-7FFDB80B05C7}.Debug|Any CPU.ActiveCfg = Debug|Any CPU
		{43A834E0-C0CC-D8A2-975E-7FFDB80B05C7}.Debug|Any CPU.Build.0 = Debug|Any CPU
		{43A834E0-C0CC-D8A2-975E-7FFDB80B05C7}.Release|Any CPU.ActiveCfg = Release|Any CPU
		{43A834E0-C0CC-D8A2-975E-7FFDB80B05C7}.Release|Any CPU.Build.0 = Release|Any CPU
		{46A9E6F3-933E-B453-CF97-6823781B7263}.Debug|Any CPU.ActiveCfg = Debug|Any CPU
		{46A9E6F3-933E-B453-CF97-6823781B7263}.Debug|Any CPU.Build.0 = Debug|Any CPU
		{46A9E6F3-933E-B453-CF97-6823781B7263}.Release|Any CPU.ActiveCfg = Release|Any CPU
		{46A9E6F3-933E-B453-CF97-6823781B7263}.Release|Any CPU.Build.0 = Release|Any CPU
		{00DF6AF3-29A5-995E-6BA2-4105183D4335}.Debug|Any CPU.ActiveCfg = Debug|Any CPU
		{00DF6AF3-29A5-995E-6BA2-4105183D4335}.Debug|Any CPU.Build.0 = Debug|Any CPU
		{00DF6AF3-29A5-995E-6BA2-4105183D4335}.Release|Any CPU.ActiveCfg = Release|Any CPU
		{00DF6AF3-29A5-995E-6BA2-4105183D4335}.Release|Any CPU.Build.0 = Release|Any CPU
		{FF06F71F-BFDD-6F1D-9C35-4FF327D40181}.Debug|Any CPU.ActiveCfg = Debug|Any CPU
		{FF06F71F-BFDD-6F1D-9C35-4FF327D40181}.Debug|Any CPU.Build.0 = Debug|Any CPU
		{FF06F71F-BFDD-6F1D-9C35-4FF327D40181}.Release|Any CPU.ActiveCfg = Release|Any CPU
		{FF06F71F-BFDD-6F1D-9C35-4FF327D40181}.Release|Any CPU.Build.0 = Release|Any CPU
		{F8FD1AD4-31E6-0393-E0CF-397D7DB8FEE6}.Debug|Any CPU.ActiveCfg = Debug|Any CPU
		{F8FD1AD4-31E6-0393-E0CF-397D7DB8FEE6}.Debug|Any CPU.Build.0 = Debug|Any CPU
		{F8FD1AD4-31E6-0393-E0CF-397D7DB8FEE6}.Release|Any CPU.ActiveCfg = Release|Any CPU
		{F8FD1AD4-31E6-0393-E0CF-397D7DB8FEE6}.Release|Any CPU.Build.0 = Release|Any CPU
		{A05CEB72-E0E4-C6F9-CEE6-8883A97F54B8}.Debug|Any CPU.ActiveCfg = Debug|Any CPU
		{A05CEB72-E0E4-C6F9-CEE6-8883A97F54B8}.Debug|Any CPU.Build.0 = Debug|Any CPU
		{A05CEB72-E0E4-C6F9-CEE6-8883A97F54B8}.Release|Any CPU.ActiveCfg = Release|Any CPU
		{A05CEB72-E0E4-C6F9-CEE6-8883A97F54B8}.Release|Any CPU.Build.0 = Release|Any CPU
		{FB7D6C41-1682-C5A0-70CA-18B88611394D}.Debug|Any CPU.ActiveCfg = Debug|Any CPU
		{FB7D6C41-1682-C5A0-70CA-18B88611394D}.Debug|Any CPU.Build.0 = Debug|Any CPU
		{FB7D6C41-1682-C5A0-70CA-18B88611394D}.Release|Any CPU.ActiveCfg = Release|Any CPU
		{FB7D6C41-1682-C5A0-70CA-18B88611394D}.Release|Any CPU.Build.0 = Release|Any CPU
		{0EA9C394-E45F-E547-CAB9-16F2ECF979A6}.Debug|Any CPU.ActiveCfg = Debug|Any CPU
		{0EA9C394-E45F-E547-CAB9-16F2ECF979A6}.Debug|Any CPU.Build.0 = Debug|Any CPU
		{0EA9C394-E45F-E547-CAB9-16F2ECF979A6}.Release|Any CPU.ActiveCfg = Release|Any CPU
		{0EA9C394-E45F-E547-CAB9-16F2ECF979A6}.Release|Any CPU.Build.0 = Release|Any CPU
		{01BE48C3-FB2B-034C-3E29-CCE0E17F0600}.Debug|Any CPU.ActiveCfg = Debug|Any CPU
		{01BE48C3-FB2B-034C-3E29-CCE0E17F0600}.Debug|Any CPU.Build.0 = Debug|Any CPU
		{01BE48C3-FB2B-034C-3E29-CCE0E17F0600}.Release|Any CPU.ActiveCfg = Release|Any CPU
		{01BE48C3-FB2B-034C-3E29-CCE0E17F0600}.Release|Any CPU.Build.0 = Release|Any CPU
		{C3DD38FD-721D-9174-CD6A-A74D7241F924}.Debug|Any CPU.ActiveCfg = Debug|Any CPU
		{C3DD38FD-721D-9174-CD6A-A74D7241F924}.Debug|Any CPU.Build.0 = Debug|Any CPU
		{C3DD38FD-721D-9174-CD6A-A74D7241F924}.Release|Any CPU.ActiveCfg = Release|Any CPU
		{C3DD38FD-721D-9174-CD6A-A74D7241F924}.Release|Any CPU.Build.0 = Release|Any CPU
		{18609966-0E80-C532-127D-9E27CD002428}.Debug|Any CPU.ActiveCfg = Debug|Any CPU
		{18609966-0E80-C532-127D-9E27CD002428}.Debug|Any CPU.Build.0 = Debug|Any CPU
		{18609966-0E80-C532-127D-9E27CD002428}.Release|Any CPU.ActiveCfg = Release|Any CPU
		{18609966-0E80-C532-127D-9E27CD002428}.Release|Any CPU.Build.0 = Release|Any CPU
		{32E06F9D-72C1-AEE0-B5E5-E3E4E5E37C2B}.Debug|Any CPU.ActiveCfg = Debug|Any CPU
		{32E06F9D-72C1-AEE0-B5E5-E3E4E5E37C2B}.Debug|Any CPU.Build.0 = Debug|Any CPU
		{32E06F9D-72C1-AEE0-B5E5-E3E4E5E37C2B}.Release|Any CPU.ActiveCfg = Release|Any CPU
		{32E06F9D-72C1-AEE0-B5E5-E3E4E5E37C2B}.Release|Any CPU.Build.0 = Release|Any CPU
		{9E0A6F8C-1393-8DA9-0774-F5A8B3E54800}.Debug|Any CPU.ActiveCfg = Debug|Any CPU
		{9E0A6F8C-1393-8DA9-0774-F5A8B3E54800}.Debug|Any CPU.Build.0 = Debug|Any CPU
		{9E0A6F8C-1393-8DA9-0774-F5A8B3E54800}.Release|Any CPU.ActiveCfg = Release|Any CPU
		{9E0A6F8C-1393-8DA9-0774-F5A8B3E54800}.Release|Any CPU.Build.0 = Release|Any CPU
		{B983CFAD-4EAC-29F2-17B3-8368A8D448E4}.Debug|Any CPU.ActiveCfg = Debug|Any CPU
		{B983CFAD-4EAC-29F2-17B3-8368A8D448E4}.Debug|Any CPU.Build.0 = Debug|Any CPU
		{B983CFAD-4EAC-29F2-17B3-8368A8D448E4}.Release|Any CPU.ActiveCfg = Release|Any CPU
		{B983CFAD-4EAC-29F2-17B3-8368A8D448E4}.Release|Any CPU.Build.0 = Release|Any CPU
		{0B78EBA2-BE21-32BA-65E4-74223351EC53}.Debug|Any CPU.ActiveCfg = Debug|Any CPU
		{0B78EBA2-BE21-32BA-65E4-74223351EC53}.Debug|Any CPU.Build.0 = Debug|Any CPU
		{0B78EBA2-BE21-32BA-65E4-74223351EC53}.Release|Any CPU.ActiveCfg = Release|Any CPU
		{0B78EBA2-BE21-32BA-65E4-74223351EC53}.Release|Any CPU.Build.0 = Release|Any CPU
		{045678B5-C8F7-E966-4CB9-CCBF42986EAD}.Debug|Any CPU.ActiveCfg = Debug|Any CPU
		{045678B5-C8F7-E966-4CB9-CCBF42986EAD}.Debug|Any CPU.Build.0 = Debug|Any CPU
		{045678B5-C8F7-E966-4CB9-CCBF42986EAD}.Release|Any CPU.ActiveCfg = Release|Any CPU
		{045678B5-C8F7-E966-4CB9-CCBF42986EAD}.Release|Any CPU.Build.0 = Release|Any CPU
		{BD22C6B7-DCEE-A141-568B-2D87E3558592}.Debug|Any CPU.ActiveCfg = Debug|Any CPU
		{BD22C6B7-DCEE-A141-568B-2D87E3558592}.Debug|Any CPU.Build.0 = Debug|Any CPU
		{BD22C6B7-DCEE-A141-568B-2D87E3558592}.Release|Any CPU.ActiveCfg = Release|Any CPU
		{BD22C6B7-DCEE-A141-568B-2D87E3558592}.Release|Any CPU.Build.0 = Release|Any CPU
		{6915D431-EB0F-6A6A-EC7B-8C4CFD6E12A9}.Debug|Any CPU.ActiveCfg = Debug|Any CPU
		{6915D431-EB0F-6A6A-EC7B-8C4CFD6E12A9}.Debug|Any CPU.Build.0 = Debug|Any CPU
		{6915D431-EB0F-6A6A-EC7B-8C4CFD6E12A9}.Release|Any CPU.ActiveCfg = Release|Any CPU
		{6915D431-EB0F-6A6A-EC7B-8C4CFD6E12A9}.Release|Any CPU.Build.0 = Release|Any CPU
		{3D154276-9FF8-89BB-C31E-0EB2BEFDCCA8}.Debug|Any CPU.ActiveCfg = Debug|Any CPU
		{3D154276-9FF8-89BB-C31E-0EB2BEFDCCA8}.Debug|Any CPU.Build.0 = Debug|Any CPU
		{3D154276-9FF8-89BB-C31E-0EB2BEFDCCA8}.Release|Any CPU.ActiveCfg = Release|Any CPU
		{3D154276-9FF8-89BB-C31E-0EB2BEFDCCA8}.Release|Any CPU.Build.0 = Release|Any CPU
		{DAD5A106-613E-7965-EE00-9F3BB27655DD}.Debug|Any CPU.ActiveCfg = Debug|Any CPU
		{DAD5A106-613E-7965-EE00-9F3BB27655DD}.Debug|Any CPU.Build.0 = Debug|Any CPU
		{DAD5A106-613E-7965-EE00-9F3BB27655DD}.Release|Any CPU.ActiveCfg = Release|Any CPU
		{DAD5A106-613E-7965-EE00-9F3BB27655DD}.Release|Any CPU.Build.0 = Release|Any CPU
		{AAE022D7-4DFB-7625-F074-2ED2D024EE17}.Debug|Any CPU.ActiveCfg = Debug|Any CPU
		{AAE022D7-4DFB-7625-F074-2ED2D024EE17}.Debug|Any CPU.Build.0 = Debug|Any CPU
		{AAE022D7-4DFB-7625-F074-2ED2D024EE17}.Release|Any CPU.ActiveCfg = Release|Any CPU
		{AAE022D7-4DFB-7625-F074-2ED2D024EE17}.Release|Any CPU.Build.0 = Release|Any CPU
		{EF591138-65CC-4F09-5772-0EF57F860BC3}.Debug|Any CPU.ActiveCfg = Debug|Any CPU
		{EF591138-65CC-4F09-5772-0EF57F860BC3}.Debug|Any CPU.Build.0 = Debug|Any CPU
		{EF591138-65CC-4F09-5772-0EF57F860BC3}.Release|Any CPU.ActiveCfg = Release|Any CPU
		{EF591138-65CC-4F09-5772-0EF57F860BC3}.Release|Any CPU.Build.0 = Release|Any CPU
		{75901A3A-E3A8-5F63-46EB-EBD411F6F5B3}.Debug|Any CPU.ActiveCfg = Debug|Any CPU
		{75901A3A-E3A8-5F63-46EB-EBD411F6F5B3}.Debug|Any CPU.Build.0 = Debug|Any CPU
		{75901A3A-E3A8-5F63-46EB-EBD411F6F5B3}.Release|Any CPU.ActiveCfg = Release|Any CPU
		{75901A3A-E3A8-5F63-46EB-EBD411F6F5B3}.Release|Any CPU.Build.0 = Release|Any CPU
		{4B73A374-E0A6-E883-CD15-830891410F00}.Debug|Any CPU.ActiveCfg = Debug|Any CPU
		{4B73A374-E0A6-E883-CD15-830891410F00}.Debug|Any CPU.Build.0 = Debug|Any CPU
		{4B73A374-E0A6-E883-CD15-830891410F00}.Release|Any CPU.ActiveCfg = Release|Any CPU
		{4B73A374-E0A6-E883-CD15-830891410F00}.Release|Any CPU.Build.0 = Release|Any CPU
		{2D396F86-84A8-DE1E-18E1-7807B104F3DC}.Debug|Any CPU.ActiveCfg = Debug|Any CPU
		{2D396F86-84A8-DE1E-18E1-7807B104F3DC}.Debug|Any CPU.Build.0 = Debug|Any CPU
		{2D396F86-84A8-DE1E-18E1-7807B104F3DC}.Release|Any CPU.ActiveCfg = Release|Any CPU
		{2D396F86-84A8-DE1E-18E1-7807B104F3DC}.Release|Any CPU.Build.0 = Release|Any CPU
		{A959C878-02D8-73DD-1923-F7562DD91608}.Debug|Any CPU.ActiveCfg = Debug|Any CPU
		{A959C878-02D8-73DD-1923-F7562DD91608}.Debug|Any CPU.Build.0 = Debug|Any CPU
		{A959C878-02D8-73DD-1923-F7562DD91608}.Release|Any CPU.ActiveCfg = Release|Any CPU
		{A959C878-02D8-73DD-1923-F7562DD91608}.Release|Any CPU.Build.0 = Release|Any CPU
		{B31402D5-2FF5-7B78-3238-2D264805896B}.Debug|Any CPU.ActiveCfg = Debug|Any CPU
		{B31402D5-2FF5-7B78-3238-2D264805896B}.Debug|Any CPU.Build.0 = Debug|Any CPU
		{B31402D5-2FF5-7B78-3238-2D264805896B}.Release|Any CPU.ActiveCfg = Release|Any CPU
		{B31402D5-2FF5-7B78-3238-2D264805896B}.Release|Any CPU.Build.0 = Release|Any CPU
		{DFE0F117-11B6-5ED5-B8E3-CA7107FC20FE}.Debug|Any CPU.ActiveCfg = Debug|Any CPU
		{DFE0F117-11B6-5ED5-B8E3-CA7107FC20FE}.Debug|Any CPU.Build.0 = Debug|Any CPU
		{DFE0F117-11B6-5ED5-B8E3-CA7107FC20FE}.Release|Any CPU.ActiveCfg = Release|Any CPU
		{DFE0F117-11B6-5ED5-B8E3-CA7107FC20FE}.Release|Any CPU.Build.0 = Release|Any CPU
		{791DA98B-FA61-5459-54B3-A36DB753B9A5}.Debug|Any CPU.ActiveCfg = Debug|Any CPU
		{791DA98B-FA61-5459-54B3-A36DB753B9A5}.Debug|Any CPU.Build.0 = Debug|Any CPU
		{791DA98B-FA61-5459-54B3-A36DB753B9A5}.Release|Any CPU.ActiveCfg = Release|Any CPU
		{791DA98B-FA61-5459-54B3-A36DB753B9A5}.Release|Any CPU.Build.0 = Release|Any CPU
		{2188217C-CECB-B742-84F9-AD43A7C8128E}.Debug|Any CPU.ActiveCfg = Debug|Any CPU
		{2188217C-CECB-B742-84F9-AD43A7C8128E}.Debug|Any CPU.Build.0 = Debug|Any CPU
		{2188217C-CECB-B742-84F9-AD43A7C8128E}.Release|Any CPU.ActiveCfg = Release|Any CPU
		{2188217C-CECB-B742-84F9-AD43A7C8128E}.Release|Any CPU.Build.0 = Release|Any CPU
		{4A772794-1B29-AA8C-E809-C96D9886BBC9}.Debug|Any CPU.ActiveCfg = Debug|Any CPU
		{4A772794-1B29-AA8C-E809-C96D9886BBC9}.Debug|Any CPU.Build.0 = Debug|Any CPU
		{4A772794-1B29-AA8C-E809-C96D9886BBC9}.Release|Any CPU.ActiveCfg = Release|Any CPU
		{4A772794-1B29-AA8C-E809-C96D9886BBC9}.Release|Any CPU.Build.0 = Release|Any CPU
		{2AE3D97B-AAE4-A1C8-4409-90E571A42BEA}.Debug|Any CPU.ActiveCfg = Debug|Any CPU
		{2AE3D97B-AAE4-A1C8-4409-90E571A42BEA}.Debug|Any CPU.Build.0 = Debug|Any CPU
		{2AE3D97B-AAE4-A1C8-4409-90E571A42BEA}.Release|Any CPU.ActiveCfg = Release|Any CPU
		{2AE3D97B-AAE4-A1C8-4409-90E571A42BEA}.Release|Any CPU.Build.0 = Release|Any CPU
		{B3474F84-4008-0F5E-4BD1-0D3904DCA82A}.Debug|Any CPU.ActiveCfg = Debug|Any CPU
		{B3474F84-4008-0F5E-4BD1-0D3904DCA82A}.Debug|Any CPU.Build.0 = Debug|Any CPU
		{B3474F84-4008-0F5E-4BD1-0D3904DCA82A}.Release|Any CPU.ActiveCfg = Release|Any CPU
		{B3474F84-4008-0F5E-4BD1-0D3904DCA82A}.Release|Any CPU.Build.0 = Release|Any CPU
		{93275B18-FF03-3726-D21C-E56CA34D60CE}.Debug|Any CPU.ActiveCfg = Debug|Any CPU
		{93275B18-FF03-3726-D21C-E56CA34D60CE}.Debug|Any CPU.Build.0 = Debug|Any CPU
		{93275B18-FF03-3726-D21C-E56CA34D60CE}.Release|Any CPU.ActiveCfg = Release|Any CPU
		{93275B18-FF03-3726-D21C-E56CA34D60CE}.Release|Any CPU.Build.0 = Release|Any CPU
		{999EB7DE-5D83-3463-7192-B51374B09666}.Debug|Any CPU.ActiveCfg = Debug|Any CPU
		{999EB7DE-5D83-3463-7192-B51374B09666}.Debug|Any CPU.Build.0 = Debug|Any CPU
		{999EB7DE-5D83-3463-7192-B51374B09666}.Release|Any CPU.ActiveCfg = Release|Any CPU
		{999EB7DE-5D83-3463-7192-B51374B09666}.Release|Any CPU.Build.0 = Release|Any CPU
		{1E6CC870-5091-6912-3B4E-B368062CCFC7}.Debug|Any CPU.ActiveCfg = Debug|Any CPU
		{1E6CC870-5091-6912-3B4E-B368062CCFC7}.Debug|Any CPU.Build.0 = Debug|Any CPU
		{1E6CC870-5091-6912-3B4E-B368062CCFC7}.Release|Any CPU.ActiveCfg = Release|Any CPU
		{1E6CC870-5091-6912-3B4E-B368062CCFC7}.Release|Any CPU.Build.0 = Release|Any CPU
		{1FC5395B-44B1-664F-800A-93FF1C5BA5BD}.Debug|Any CPU.ActiveCfg = Debug|Any CPU
		{1FC5395B-44B1-664F-800A-93FF1C5BA5BD}.Debug|Any CPU.Build.0 = Debug|Any CPU
		{1FC5395B-44B1-664F-800A-93FF1C5BA5BD}.Release|Any CPU.ActiveCfg = Release|Any CPU
		{1FC5395B-44B1-664F-800A-93FF1C5BA5BD}.Release|Any CPU.Build.0 = Release|Any CPU
		{694D42E0-98F4-4AB5-7031-F74427184E16}.Debug|Any CPU.ActiveCfg = Debug|Any CPU
		{694D42E0-98F4-4AB5-7031-F74427184E16}.Debug|Any CPU.Build.0 = Debug|Any CPU
		{694D42E0-98F4-4AB5-7031-F74427184E16}.Release|Any CPU.ActiveCfg = Release|Any CPU
		{694D42E0-98F4-4AB5-7031-F74427184E16}.Release|Any CPU.Build.0 = Release|Any CPU
		{2C386D15-E5DB-4EC2-7DED-509371C18AB3}.Debug|Any CPU.ActiveCfg = Debug|Any CPU
		{2C386D15-E5DB-4EC2-7DED-509371C18AB3}.Debug|Any CPU.Build.0 = Debug|Any CPU
		{2C386D15-E5DB-4EC2-7DED-509371C18AB3}.Release|Any CPU.ActiveCfg = Release|Any CPU
		{2C386D15-E5DB-4EC2-7DED-509371C18AB3}.Release|Any CPU.Build.0 = Release|Any CPU
		{D3E0CC64-7039-1903-9D38-81EE88F5CFA9}.Debug|Any CPU.ActiveCfg = Debug|Any CPU
		{D3E0CC64-7039-1903-9D38-81EE88F5CFA9}.Debug|Any CPU.Build.0 = Debug|Any CPU
		{D3E0CC64-7039-1903-9D38-81EE88F5CFA9}.Release|Any CPU.ActiveCfg = Release|Any CPU
		{D3E0CC64-7039-1903-9D38-81EE88F5CFA9}.Release|Any CPU.Build.0 = Release|Any CPU
		{8DF60C0E-B4F9-F883-8E85-B0B296A75EE0}.Debug|Any CPU.ActiveCfg = Debug|Any CPU
		{8DF60C0E-B4F9-F883-8E85-B0B296A75EE0}.Debug|Any CPU.Build.0 = Debug|Any CPU
		{8DF60C0E-B4F9-F883-8E85-B0B296A75EE0}.Release|Any CPU.ActiveCfg = Release|Any CPU
		{8DF60C0E-B4F9-F883-8E85-B0B296A75EE0}.Release|Any CPU.Build.0 = Release|Any CPU
		{E777C232-8416-F1A5-346C-235B3373C36E}.Debug|Any CPU.ActiveCfg = Debug|Any CPU
		{E777C232-8416-F1A5-346C-235B3373C36E}.Debug|Any CPU.Build.0 = Debug|Any CPU
		{E777C232-8416-F1A5-346C-235B3373C36E}.Release|Any CPU.ActiveCfg = Release|Any CPU
		{E777C232-8416-F1A5-346C-235B3373C36E}.Release|Any CPU.Build.0 = Release|Any CPU
		{DFEA30C7-CB9C-E91C-9385-E97E52C9B76C}.Debug|Any CPU.ActiveCfg = Debug|Any CPU
		{DFEA30C7-CB9C-E91C-9385-E97E52C9B76C}.Debug|Any CPU.Build.0 = Debug|Any CPU
		{DFEA30C7-CB9C-E91C-9385-E97E52C9B76C}.Release|Any CPU.ActiveCfg = Release|Any CPU
		{DFEA30C7-CB9C-E91C-9385-E97E52C9B76C}.Release|Any CPU.Build.0 = Release|Any CPU
		{E4EC679F-3362-EB2D-D092-FB1BD61AFB63}.Debug|Any CPU.ActiveCfg = Debug|Any CPU
		{E4EC679F-3362-EB2D-D092-FB1BD61AFB63}.Debug|Any CPU.Build.0 = Debug|Any CPU
		{E4EC679F-3362-EB2D-D092-FB1BD61AFB63}.Release|Any CPU.ActiveCfg = Release|Any CPU
		{E4EC679F-3362-EB2D-D092-FB1BD61AFB63}.Release|Any CPU.Build.0 = Release|Any CPU
	EndGlobalSection
	GlobalSection(SolutionProperties) = preSolution
		HideSolutionNode = FALSE
	EndGlobalSection
EndGlobal
